{
  "nodes": {
    "nixpkgs": {
      "locked": {
        "lastModified": 1773222311,
        "narHash": "sha256-BHoB/XpbqoZkVYZCfXJXfkR+GXFqwb/4zbWnOr2cRcU=",
        "rev": "0590cd39f728e129122770c029970378a79d076a",
        "revCount": 909248,
        "type": "tarball",
        "url": "https://api.flakehub.com/f/pinned/NixOS/nixpkgs/0.2511.909248%2Brev-0590cd39f728e129122770c029970378a79d076a/019ce32b-8ace-7339-b129-cceaa8dd10c6/source.tar.gz"
      },
      "original": {
        "type": "tarball",
        "url": "https://flakehub.com/f/NixOS/nixpkgs/0"
      }
    },
    "root": {
      "inputs": {
        "nixpkgs": "nixpkgs"
      }
    }
  },
  "root": "root",
  "version": 7
}
